// !$*UTF8*$!
{
	archiveVersion = 1;
	classes = {
	};
	objectVersion = 50;
	objects = {

/* Begin PBXBuildFile section */
		F5FBB7EE232985DA00956ACF /* AppDelegate.swift in Sources */ = {isa = PBXBuildFile; fileRef = F5FBB7ED232985DA00956ACF /* AppDelegate.swift */; };
		F5FBB7F0232985DA00956ACF /* ViewController.swift in Sources */ = {isa = PBXBuildFile; fileRef = F5FBB7EF232985DA00956ACF /* ViewController.swift */; };
		F5FBB7F3232985DA00956ACF /* Main.storyboard in Resources */ = {isa = PBXBuildFile; fileRef = F5FBB7F1232985DA00956ACF /* Main.storyboard */; };
		F5FBB7F6232985DA00956ACF /* Logo.xcdatamodeld in Sources */ = {isa = PBXBuildFile; fileRef = F5FBB7F4232985DA00956ACF /* Logo.xcdatamodeld */; };
		F5FBB7F8232985DC00956ACF /* Assets.xcassets in Resources */ = {isa = PBXBuildFile; fileRef = F5FBB7F7232985DC00956ACF /* Assets.xcassets */; };
		F5FBB7FB232985DC00956ACF /* LaunchScreen.storyboard in Resources */ = {isa = PBXBuildFile; fileRef = F5FBB7F9232985DC00956ACF /* LaunchScreen.storyboard */; };
/* End PBXBuildFile section */

/* Begin PBXFileReference section */
		F5FBB7EA232985DA00956ACF /* Logo.app */ = {isa = PBXFileReference; explicitFileType = wrapper.application; includeInIndex = 0; path = Logo.app; sourceTree = BUILT_PRODUCTS_DIR; };
		F5FBB7ED232985DA00956ACF /* AppDelegate.swift */ = {isa = PBXFileReference; lastKnownFileType = sourcecode.swift; path = AppDelegate.swift; sourceTree = "<group>"; };
		F5FBB7EF232985DA00956ACF /* ViewController.swift */ = {isa = PBXFileReference; lastKnownFileType = sourcecode.swift; path = ViewController.swift; sourceTree = "<group>"; };
		F5FBB7F2232985DA00956ACF /* Base */ = {isa = PBXFileReference; lastKnownFileType = file.storyboard; name = Base; path = Base.lproj/Main.storyboard; sourceTree = "<group>"; };
		F5FBB7F5232985DA00956ACF /* Logo.xcdatamodel */ = {isa = PBXFileReference; lastKnownFileType = wrapper.xcdatamodel; path = Logo.xcdatamodel; sourceTree = "<group>"; };
		F5FBB7F7232985DC00956ACF /* Assets.xcassets */ = {isa = PBXFileReference; lastKnownFileType = folder.assetcatalog; path = Assets.xcassets; sourceTree = "<group>"; };
		F5FBB7FA232985DC00956ACF /* Base */ = {isa = PBXFileReference; lastKnownFileType = file.storyboard; name = Base; path = Base.lproj/LaunchScreen.storyboard; sourceTree = "<group>"; };
		F5FBB7FC232985DC00956ACF /* Info.plist */ = {isa = PBXFileReference; lastKnownFileType = text.plist.xml; path = Info.plist; sourceTree = "<group>"; };
/* End PBXFileReference section */

/* Begin PBXFrameworksBuildPhase section */
		F5FBB7E7232985DA00956ACF /* Frameworks */ = {
			isa = PBXFrameworksBuildPhase;
			buildActionMask = 2147483647;
			files = (
			);
			runOnlyForDeploymentPostprocessing = 0;
		};
/* End PBXFrameworksBuildPhase section */

/* Begin PBXGroup section */
		F5FBB7E1232985DA00956ACF = {
			isa = PBXGroup;
			children = (
				F5FBB7EC232985DA00956ACF /* Logo */,
				F5FBB7EB232985DA00956ACF /* Products */,
			);
			sourceTree = "<group>";
		};
		F5FBB7EB232985DA00956ACF /* Products */ = {
			isa = PBXGroup;
			children = (
				F5FBB7EA232985DA00956ACF /* Logo.app */,
			);
			name = Products;
			sourceTree = "<group>";
		};
		F5FBB7EC232985DA00956ACF /* Logo */ = {
			isa = PBXGroup;
			children = (
				F5FBB7ED232985DA00956ACF /* AppDelegate.swift */,
				F5FBB7EF232985DA00956ACF /* ViewController.swift */,
				F5FBB7F1232985DA00956ACF /* Main.storyboard */,
				F5FBB7F7232985DC00956ACF /* Assets.xcassets */,
				F5FBB7F9232985DC00956ACF /* LaunchScreen.storyboard */,
				F5FBB7FC232985DC00956ACF /* Info.plist */,
				F5FBB7F4232985DA00956ACF /* Logo.xcdatamodeld */,
			);
			path = Logo;
			sourceTree = "<group>";
		};
/* End PBXGroup section */

/* Begin PBXNativeTarget section */
		F5FBB7E9232985DA00956ACF /* Logo */ = {
			isa = PBXNativeTarget;
			buildConfigurationList = F5FBB7FF232985DC00956ACF /* Build configuration list for PBXNativeTarget "Logo" */;
			buildPhases = (
				F5FBB7E6232985DA00956ACF /* Sources */,
				F5FBB7E7232985DA00956ACF /* Frameworks */,
				F5FBB7E8232985DA00956ACF /* Resources */,
			);
			buildRules = (
			);
			dependencies = (
			);
			name = Logo;
			productName = Logo;
			productReference = F5FBB7EA232985DA00956ACF /* Logo.app */;
			productType = "com.apple.product-type.application";
		};
/* End PBXNativeTarget section */

/* Begin PBXProject section */
		F5FBB7E2232985DA00956ACF /* Project object */ = {
			isa = PBXProject;
			attributes = {
				LastSwiftUpdateCheck = 1030;
				LastUpgradeCheck = 1030;
				ORGANIZATIONNAME = "Taylor Lyles";
				TargetAttributes = {
					F5FBB7E9232985DA00956ACF = {
						CreatedOnToolsVersion = 10.3;
					};
				};
			};
			buildConfigurationList = F5FBB7E5232985DA00956ACF /* Build configuration list for PBXProject "Logo" */;
			compatibilityVersion = "Xcode 9.3";
			developmentRegion = en;
			hasScannedForEncodings = 0;
			knownRegions = (
				en,
				Base,
			);
			mainGroup = F5FBB7E1232985DA00956ACF;
			productRefGroup = F5FBB7EB232985DA00956ACF /* Products */;
			projectDirPath = "";
			projectRoot = "";
			targets = (
				F5FBB7E9232985DA00956ACF /* Logo */,
			);
		};
/* End PBXProject section */

/* Begin PBXResourcesBuildPhase section */
		F5FBB7E8232985DA00956ACF /* Resources */ = {
			isa = PBXResourcesBuildPhase;
			buildActionMask = 2147483647;
			files = (
				F5FBB7FB232985DC00956ACF /* LaunchScreen.storyboard in Resources */,
				F5FBB7F8232985DC00956ACF /* Assets.xcassets in Resources */,
				F5FBB7F3232985DA00956ACF /* Main.storyboard in Resources */,
			);
			runOnlyForDeploymentPostprocessing = 0;
		};
/* End PBXResourcesBuildPhase section */

/* Begin PBXSourcesBuildPhase section */
		F5FBB7E6232985DA00956ACF /* Sources */ = {
			isa = PBXSourcesBuildPhase;
			buildActionMask = 2147483647;
			files = (
				F5FBB7F0232985DA00956ACF /* ViewController.swift in Sources */,
				F5FBB7F6232985DA00956ACF /* Logo.xcdatamodeld in Sources */,
				F5FBB7EE232985DA00956ACF /* AppDelegate.swift in Sources */,
			);
			runOnlyForDeploymentPostprocessing = 0;
		};
/* End PBXSourcesBuildPhase section */

/* Begin PBXVariantGroup section */
		F5FBB7F1232985DA00956ACF /* Main.storyboard */ = {
			isa = PBXVariantGroup;
			children = (
				F5FBB7F2232985DA00956ACF /* Base */,
			);
			name = Main.storyboard;
			sourceTree = "<group>";
		};
		F5FBB7F9232985DC00956ACF /* LaunchScreen.storyboard */ = {
			isa = PBXVariantGroup;
			children = (
				F5FBB7FA232985DC00956ACF /* Base */,
			);
			name = LaunchScreen.storyboard;
			sourceTree = "<group>";
		};
/* End PBXVariantGroup section */

/* Begin XCBuildConfiguration section */
		F5FBB7FD232985DC00956ACF /* Debug */ = {
			isa = XCBuildConfiguration;
			buildSettings = {
				ALWAYS_SEARCH_USER_PATHS = NO;
				CLANG_ANALYZER_NONNULL = YES;
				CLANG_ANALYZER_NUMBER_OBJECT_CONVERSION = YES_AGGRESSIVE;
				CLANG_CXX_LANGUAGE_STANDARD = "gnu++14";
				CLANG_CXX_LIBRARY = "libc++";
				CLANG_ENABLE_MODULES = YES;
				CLANG_ENABLE_OBJC_ARC = YES;
				CLANG_ENABLE_OBJC_WEAK = YES;
				CLANG_WARN_BLOCK_CAPTURE_AUTORELEASING = YES;
				CLANG_WARN_BOOL_CONVERSION = YES;
				CLANG_WARN_COMMA = YES;
				CLANG_WARN_CONSTANT_CONVERSION = YES;
				CLANG_WARN_DEPRECATED_OBJC_IMPLEMENTATIONS = YES;
				CLANG_WARN_DIRECT_OBJC_ISA_USAGE = YES_ERROR;
				CLANG_WARN_DOCUMENTATION_COMMENTS = YES;
				CLANG_WARN_EMPTY_BODY = YES;
				CLANG_WARN_ENUM_CONVERSION = YES;
				CLANG_WARN_INFINITE_RECURSION = YES;
				CLANG_WARN_INT_CONVERSION = YES;
				CLANG_WARN_NON_LITERAL_NULL_CONVERSION = YES;
				CLANG_WARN_OBJC_IMPLICIT_RETAIN_SELF = YES;
				CLANG_WARN_OBJC_LITERAL_CONVERSION = YES;
				CLANG_WARN_OBJC_ROOT_CLASS = YES_ERROR;
				CLANG_WARN_RANGE_LOOP_ANALYSIS = YES;
				CLANG_WARN_STRICT_PROTOTYPES = YES;
				CLANG_WARN_SUSPICIOUS_MOVE = YES;
				CLANG_WARN_UNGUARDED_AVAILABILITY = YES_AGGRESSIVE;
				CLANG_WARN_UNREACHABLE_CODE = YES;
				CLANG_WARN__DUPLICATE_METHOD_MATCH = YES;
				CODE_SIGN_IDENTITY = "iPhone Developer";
				COPY_PHASE_STRIP = NO;
				DEBUG_INFORMATION_FORMAT = dwarf;
				ENABLE_STRICT_OBJC_MSGSEND = YES;
				ENABLE_TESTABILITY = YES;
				GCC_C_LANGUAGE_STANDARD = gnu11;
				GCC_DYNAMIC_NO_PIC = NO;
				GCC_NO_COMMON_BLOCKS = YES;
				GCC_OPTIMIZATION_LEVEL = 0;
				GCC_PREPROCESSOR_DEFINITIONS = (
					"DEBUG=1",
					"$(inherited)",
				);
				GCC_WARN_64_TO_32_BIT_CONVERSION = YES;
				GCC_WARN_ABOUT_RETURN_TYPE = YES_ERROR;
				GCC_WARN_UNDECLARED_SELECTOR = YES;
				GCC_WARN_UNINITIALIZED_AUTOS = YES_AGGRESSIVE;
				GCC_WARN_UNUSED_FUNCTION = YES;
				GCC_WARN_UNUSED_VARIABLE = YES;
				IPHONEOS_DEPLOYMENT_TARGET = 12.4;
				MTL_ENABLE_DEBUG_INFO = INCLUDE_SOURCE;
				MTL_FAST_MATH = YES;
				ONLY_ACTIVE_ARCH = YES;
				SDKROOT = iphoneos;
				SWIFT_ACTIVE_COMPILATION_CONDITIONS = DEBUG;
				SWIFT_OPTIMIZATION_LEVEL = "-Onone";
			};
			name = Debug;
		};
		F5FBB7FE232985DC00956ACF /* Release */ = {
			isa = XCBuildConfiguration;
			buildSettings = {
				ALWAYS_SEARCH_USER_PATHS = NO;
				CLANG_ANALYZER_NONNULL = YES;
				CLANG_ANALYZER_NUMBER_OBJECT_CONVERSION = YES_AGGRESSIVE;
				CLANG_CXX_LANGUAGE_STANDARD = "gnu++14";
				CLANG_CXX_LIBRARY = "libc++";
				CLANG_ENABLE_MODULES = YES;
				CLANG_ENABLE_OBJC_ARC = YES;
				CLANG_ENABLE_OBJC_WEAK = YES;
				CLANG_WARN_BLOCK_CAPTURE_AUTORELEASING = YES;
				CLANG_WARN_BOOL_CONVERSION = YES;
				CLANG_WARN_COMMA = YES;
				CLANG_WARN_CONSTANT_CONVERSION = YES;
				CLANG_WARN_DEPRECATED_OBJC_IMPLEMENTATIONS = YES;
				CLANG_WARN_DIRECT_OBJC_ISA_USAGE = YES_ERROR;
				CLANG_WARN_DOCUMENTATION_COMMENTS = YES;
				CLANG_WARN_EMPTY_BODY = YES;
				CLANG_WARN_ENUM_CONVERSION = YES;
				CLANG_WARN_INFINITE_RECURSION = YES;
				CLANG_WARN_INT_CONVERSION = YES;
				CLANG_WARN_NON_LITERAL_NULL_CONVERSION = YES;
				CLANG_WARN_OBJC_IMPLICIT_RETAIN_SELF = YES;
				CLANG_WARN_OBJC_LITERAL_CONVERSION = YES;
				CLANG_WARN_OBJC_ROOT_CLASS = YES_ERROR;
				CLANG_WARN_RANGE_LOOP_ANALYSIS = YES;
				CLANG_WARN_STRICT_PROTOTYPES = YES;
				CLANG_WARN_SUSPICIOUS_MOVE = YES;
				CLANG_WARN_UNGUARDED_AVAILABILITY = YES_AGGRESSIVE;
				CLANG_WARN_UNREACHABLE_CODE = YES;
				CLANG_WARN__DUPLICATE_METHOD_MATCH = YES;
				CODE_SIGN_IDENTITY = "iPhone Developer";
				COPY_PHASE_STRIP = NO;
				DEBUG_INFORMATION_FORMAT = "dwarf-with-dsym";
				ENABLE_NS_ASSERTIONS = NO;
				ENABLE_STRICT_OBJC_MSGSEND = YES;
				GCC_C_LANGUAGE_STANDARD = gnu11;
				GCC_NO_COMMON_BLOCKS = YES;
				GCC_WARN_64_TO_32_BIT_CONVERSION = YES;
				GCC_WARN_ABOUT_RETURN_TYPE = YES_ERROR;
				GCC_WARN_UNDECLARED_SELECTOR = YES;
				GCC_WARN_UNINITIALIZED_AUTOS = YES_AGGRESSIVE;
				GCC_WARN_UNUSED_FUNCTION = YES;
				GCC_WARN_UNUSED_VARIABLE = YES;
				IPHONEOS_DEPLOYMENT_TARGET = 12.4;
				MTL_ENABLE_DEBUG_INFO = NO;
				MTL_FAST_MATH = YES;
				SDKROOT = iphoneos;
				SWIFT_COMPILATION_MODE = wholemodule;
				SWIFT_OPTIMIZATION_LEVEL = "-O";
				VALIDATE_PRODUCT = YES;
			};
			name = Release;
		};
		F5FBB800232985DC00956ACF /* Debug */ = {
			isa = XCBuildConfiguration;
			buildSettings = {
				ASSETCATALOG_COMPILER_APPICON_NAME = AppIcon;
				CODE_SIGN_STYLE = Automatic;
				DEVELOPMENT_TEAM = FP8VA6LL76;
				INFOPLIST_FILE = Logo/Info.plist;
				LD_RUNPATH_SEARCH_PATHS = (
					"$(inherited)",
					"@executable_path/Frameworks",
				);
				PRODUCT_BUNDLE_IDENTIFIER = com.taylorlyles.Logo;
				PRODUCT_NAME = "$(TARGET_NAME)";
				SWIFT_VERSION = 5.0;
				TARGETED_DEVICE_FAMILY = "1,2";
			};
			name = Debug;
		};
		F5FBB801232985DC00956ACF /* Release */ = {
			isa = XCBuildConfiguration;
			buildSettings = {
				ASSETCATALOG_COMPILER_APPICON_NAME = AppIcon;
				CODE_SIGN_STYLE = Automatic;
				DEVELOPMENT_TEAM = FP8VA6LL76;
				INFOPLIST_FILE = Logo/Info.plist;
				LD_RUNPATH_SEARCH_PATHS = (
					"$(inherited)",
					"@executable_path/Frameworks",
				);
				PRODUCT_BUNDLE_IDENTIFIER = com.taylorlyles.Logo;
				PRODUCT_NAME = "$(TARGET_NAME)";
				SWIFT_VERSION = 5.0;
				TARGETED_DEVICE_FAMILY = "1,2";
			};
			name = Release;
		};
/* End XCBuildConfiguration section */

/* Begin XCConfigurationList section */
		F5FBB7E5232985DA00956ACF /* Build configuration list for PBXProject "Logo" */ = {
			isa = XCConfigurationList;
			buildConfigurations = (
				F5FBB7FD232985DC00956ACF /* Debug */,
				F5FBB7FE232985DC00956ACF /* Release */,
			);
			defaultConfigurationIsVisible = 0;
			defaultConfigurationName = Release;
		};
		F5FBB7FF232985DC00956ACF /* Build configuration list for PBXNativeTarget "Logo" */ = {
			isa = XCConfigurationList;
			buildConfigurations = (
				F5FBB800232985DC00956ACF /* Debug */,
				F5FBB801232985DC00956ACF /* Release */,
			);
			defaultConfigurationIsVisible = 0;
			defaultConfigurationName = Release;
		};
/* End XCConfigurationList section */

/* Begin XCVersionGroup section */
		F5FBB7F4232985DA00956ACF /* Logo.xcdatamodeld */ = {
			isa = XCVersionGroup;
			children = (
				F5FBB7F5232985DA00956ACF /* Logo.xcdatamodel */,
			);
			currentVersion = F5FBB7F5232985DA00956ACF /* Logo.xcdatamodel */;
			path = Logo.xcdatamodeld;
			sourceTree = "<group>";
			versionGroupType = wrapper.xcdatamodel;
		};
/* End XCVersionGroup section */
	};
	rootObject = F5FBB7E2232985DA00956ACF /* Project object */;
}
